
Microsoft Visual Studio Solution File, Format Version 12.00
# Visual Studio 15
VisualStudioVersion = 15.0.27130.2027
MinimumVisualStudioVersion = 10.0.40219.1
Project("{FAE04EC0-301F-11D3-BF4B-00C04F79EFBC}") = "ArrayGetMax", "ArrayGetMax\ArrayGetMax.csproj", "{E2A96068-2DB4-4F85-AD22-4E08953262F0}"
EndProject
Project("{FAE04EC0-301F-11D3-BF4B-00C04F79EFBC}") = "Scope", "Scope\Scope.csproj", "{E900D381-7D14-40EB-8B1B-A58B91C62E3F}"
EndProject
Project("{FAE04EC0-301F-11D3-BF4B-00C04F79EFBC}") = "Boxing", "Boxing\Boxing.csproj", "{32F40FB5-67DD-417A-98FF-19C5D98C762D}"
EndProject
Project("{FAE04EC0-301F-11D3-BF4B-00C04F79EFBC}") = "BubbleSort", "BubbleSort\BubbleSort.csproj", "{561A69EF-99AD-4FD4-B38F-2350D27842C2}"
EndProject
Project("{FAE04EC0-301F-11D3-BF4B-00C04F79EFBC}") = "BubbleSort2", "BubbleSort2\BubbleSort2.csproj", "{F2989A40-87D9-42AE-8232-A2DB5A76AB8D}"
EndProject
Project("{FAE04EC0-301F-11D3-BF4B-00C04F79EFBC}") = "BubbleSort3", "BubbleSort3\BubbleSort3.csproj", "{2044ABAB-4606-4B17-B823-FCC5D91E099A}"
EndProject
Project("{FAE04EC0-301F-11D3-BF4B-00C04F79EFBC}") = "GuessNumber", "GuessNumber\GuessNumber.csproj", "{EA261AC3-B0D4-4A5E-8125-2A6A44BC3BB5}"
EndProject
Project("{FAE04EC0-301F-11D3-BF4B-00C04F79EFBC}") = "MethodCall", "MethodCall\MethodCall.csproj", "{85D98345-090A-4B5D-8BCB-7AE643E4703F}"
EndProject
Project("{FAE04EC0-301F-11D3-BF4B-00C04F79EFBC}") = "Continue", "Continue\Continue.csproj", "{505FA39C-8D50-4952-BFCC-F5405F097273}"
EndProject
Project("{FAE04EC0-301F-11D3-BF4B-00C04F79EFBC}") = "DataTypeConverting", "DataTypeConverting\DataTypeConverting.csproj", "{8DF24295-AE77-4E41-A786-1E2BCC5051BF}"
EndProject
Project("{FAE04EC0-301F-11D3-BF4B-00C04F79EFBC}") = "DataTypeConverting2", "DataTypeConverting2\DataTypeConverting2.csproj", "{483FF679-678C-462B-8EEB-110D046936CC}"
EndProject
Project("{FAE04EC0-301F-11D3-BF4B-00C04F79EFBC}") = "Array", "Array\Array.csproj", "{E2545CD3-8D23-46CE-B397-93DF5C3CD467}"
EndProject
Project("{FAE04EC0-301F-11D3-BF4B-00C04F79EFBC}") = "Enum", "Enum\Enum.csproj", "{9828913C-124C-4FF4-9D45-6515B007C1AF}"
EndProject
Project("{FAE04EC0-301F-11D3-BF4B-00C04F79EFBC}") = "Struct", "Struct\Struct.csproj", "{56395992-958B-466D-868E-CE465DD6BEC1}"
EndProject
Project("{FAE04EC0-301F-11D3-BF4B-00C04F79EFBC}") = "DoWhile", "DoWhile\DoWhile.csproj", "{7F48F204-4E65-4CB6-9264-2CB7A373C212}"
EndProject
Project("{FAE04EC0-301F-11D3-BF4B-00C04F79EFBC}") = "For", "For\For.csproj", "{13C7684B-3629-44D3-ABAA-87207CC4027C}"
EndProject
Project("{FAE04EC0-301F-11D3-BF4B-00C04F79EFBC}") = "For2", "For2\For2.csproj", "{145CDC06-894E-49F7-BD44-9F290AC213CA}"
EndProject
Project("{FAE04EC0-301F-11D3-BF4B-00C04F79EFBC}") = "Foreach", "Foreach\Foreach.csproj", "{909BF1A5-11DA-48F2-8926-CC13DA193D4F}"
EndProject
Project("{FAE04EC0-301F-11D3-BF4B-00C04F79EFBC}") = "Goto", "Goto\Goto.csproj", "{7588514C-74AF-45D8-84BB-E3480D789A14}"
EndProject
Project("{FAE04EC0-301F-11D3-BF4B-00C04F79EFBC}") = "GroupSum", "GroupSum\GroupSum.csproj", "{D320F437-ABA4-4C37-9580-BE178728809D}"
EndProject
Project("{FAE04EC0-301F-11D3-BF4B-00C04F79EFBC}") = "IfElse", "IfElse\IfElse.csproj", "{B43C4E6C-7396-4401-801C-331E47635BAC}"
EndProject
Project("{FAE04EC0-301F-11D3-BF4B-00C04F79EFBC}") = "IfElse2", "IfElse2\IfElse2.csproj", "{A080B323-379A-46E4-BD58-42144A698B33}"
EndProject
Project("{FAE04EC0-301F-11D3-BF4B-00C04F79EFBC}") = "InterleavedArray", "InterleavedArray\InterleavedArray.csproj", "{DC0153C2-FFEA-4EDA-B768-8B07C3EC6941}"
EndProject
Project("{FAE04EC0-301F-11D3-BF4B-00C04F79EFBC}") = "MaxValueMinValue", "MaxValueMinValue\MaxValueMinValue.csproj", "{1534BAE1-61F9-43A4-897D-E4B04C03E239}"
EndProject
Project("{FAE04EC0-301F-11D3-BF4B-00C04F79EFBC}") = "Method", "Method\Method.csproj", "{8D35ACB2-9F19-4145-8824-0DB32F007E98}"
EndProject
Project("{FAE04EC0-301F-11D3-BF4B-00C04F79EFBC}") = "MethodReload", "MethodReload\MethodReload.csproj", "{FFEFCA8D-ADA4-4D36-B930-637ECA89D74E}"
EndProject
Project("{FAE04EC0-301F-11D3-BF4B-00C04F79EFBC}") = "UserName", "UserName\UserName.csproj", "{FAA9EDA7-A3F0-4CB4-B02C-D2EF1BC6FB50}"
EndProject
Project("{FAE04EC0-301F-11D3-BF4B-00C04F79EFBC}") = "NameSpace", "NameSpace\NameSpace.csproj", "{65B484EE-0838-44FC-A3EC-946DDF6166B6}"
EndProject
Project("{FAE04EC0-301F-11D3-BF4B-00C04F79EFBC}") = "OneDimensionalArray", "OneDimensionalArray\OneDimensionalArray.csproj", "{3EA0A314-9398-475D-AA28-DE58DA31B042}"
EndProject
Project("{FAE04EC0-301F-11D3-BF4B-00C04F79EFBC}") = "OperatorCondition", "OperatorCondition\OperatorCondition.csproj", "{C2E20CBD-757D-4177-98BC-CE51E8942142}"
EndProject
Project("{FAE04EC0-301F-11D3-BF4B-00C04F79EFBC}") = "OperatorDivide", "OperatorDivide\OperatorDivide.csproj", "{84C6290A-F12A-47E7-89EF-AE8C95D65AA6}"
EndProject
Project("{FAE04EC0-301F-11D3-BF4B-00C04F79EFBC}") = "OperatorIs", "OperatorIs\OperatorIs.csproj", "{0961CC29-B6E1-4706-B960-79F779DF7BEB}"
EndProject
Project("{FAE04EC0-301F-11D3-BF4B-00C04F79EFBC}") = "OperatorLogic", "OperatorLogic\OperatorLogic.csproj", "{201CFA78-5AD8-479C-B706-CF046C8F2579}"
EndProject
Project("{FAE04EC0-301F-11D3-BF4B-00C04F79EFBC}") = "OperatorPlus", "OperatorPlus\OperatorPlus.csproj", "{6E794673-4610-4F26-8278-E2A91A083EF9}"
EndProject
Project("{FAE04EC0-301F-11D3-BF4B-00C04F79EFBC}") = "OperatorPlusPlusAndSubtractSubtract", "OperatorPlusPlusAndSubtractSubtract\OperatorPlusPlusAndSubtractSubtract.csproj", "{C56A04DC-0060-4207-ABA3-55D851773786}"
EndProject
Project("{FAE04EC0-301F-11D3-BF4B-00C04F79EFBC}") = "OperatorRelation", "OperatorRelation\OperatorRelation.csproj", "{68C6A6E9-40CB-4191-A6A4-AA35A24762D6}"
EndProject
Project("{FAE04EC0-301F-11D3-BF4B-00C04F79EFBC}") = "OperatorSizeOf", "OperatorSizeOf\OperatorSizeOf.csproj", "{754657E8-99DE-4909-9BD2-8BD7D80B5360}"
EndProject
Project("{FAE04EC0-301F-11D3-BF4B-00C04F79EFBC}") = "OperatorTypeof", "OperatorTypeof\OperatorTypeof.csproj", "{F1F31B10-D77E-46BF-AC96-0428FAB95C8E}"
EndProject
Project("{FAE04EC0-301F-11D3-BF4B-00C04F79EFBC}") = "Out", "Out\Out.csproj", "{575829E6-42F2-48B9-9707-16246D1A82B0}"
EndProject
Project("{FAE04EC0-301F-11D3-BF4B-00C04F79EFBC}") = "Out2", "Out2\Out2.csproj", "{54C1EA0C-D2E5-49D1-8746-39F7D2C20C38}"
EndProject
Project("{FAE04EC0-301F-11D3-BF4B-00C04F79EFBC}") = "Params", "Params\Params.csproj", "{FDECE8AF-55A5-4621-A878-54441DC5FE47}"
EndProject
Project("{FAE04EC0-301F-11D3-BF4B-00C04F79EFBC}") = "PascalTriangle", "PascalTriangle\PascalTriangle.csproj", "{065F0C1E-FE68-406A-AA5C-48FC9BF613DD}"
EndProject
Project("{FAE04EC0-301F-11D3-BF4B-00C04F79EFBC}") = "Practice", "Practice\Practice.csproj", "{584C3CD0-0854-4559-8677-32B9DBCAB997}"
EndProject
Project("{FAE04EC0-301F-11D3-BF4B-00C04F79EFBC}") = "RecursiveFunction", "RecursiveFunction\RecursiveFunction.csproj", "{5DF717FA-A3B8-4299-9136-D1673ECD1A0C}"
EndProject
Project("{FAE04EC0-301F-11D3-BF4B-00C04F79EFBC}") = "Ref", "Ref\Ref.csproj", "{FD694C07-E328-4256-B9D5-D98959D09B0F}"
EndProject
Project("{FAE04EC0-301F-11D3-BF4B-00C04F79EFBC}") = "Ref2", "Ref2\Ref2.csproj", "{00FC1A46-AF96-4C78-96A6-F1295062CDDF}"
EndProject
Project("{FAE04EC0-301F-11D3-BF4B-00C04F79EFBC}") = "Return", "Return\Return.csproj", "{84515783-DABB-4474-ABF8-B4904EFCE4BC}"
EndProject
Project("{FAE04EC0-301F-11D3-BF4B-00C04F79EFBC}") = "StructInStruct", "StructInStruct\StructInStruct.csproj", "{D6309F39-D644-40FD-BB81-9A713BEDCC42}"
EndProject
Project("{FAE04EC0-301F-11D3-BF4B-00C04F79EFBC}") = "StudentScoreManage", "StudentScoreManage\StudentScoreManage.csproj", "{3D4EACAA-540D-4BF9-973A-CC901C39236D}"
EndProject
Project("{FAE04EC0-301F-11D3-BF4B-00C04F79EFBC}") = "SumOneToHundred", "SumOneToHundred\SumOneToHundred.csproj", "{AACE488C-9C53-4E0D-A57A-1B44E514E708}"
EndProject
Project("{FAE04EC0-301F-11D3-BF4B-00C04F79EFBC}") = "Prime", "Prime\Prime.csproj", "{80CEF5BC-93F5-431F-8329-7DAB55142FEF}"
EndProject
Project("{FAE04EC0-301F-11D3-BF4B-00C04F79EFBC}") = "Switch", "Switch\Switch.csproj", "{6C869A54-11AE-4C57-8996-15920A0EA306}"
EndProject
Project("{FAE04EC0-301F-11D3-BF4B-00C04F79EFBC}") = "Switch2", "Switch2\Switch2.csproj", "{0139D5CB-7867-48E6-BDAC-25353C497863}"
EndProject
Project("{FAE04EC0-301F-11D3-BF4B-00C04F79EFBC}") = "TwoDemensionalArray", "TwoDemensionalArray\TwoDemensionalArray.csproj", "{84EC6406-4C17-4FC2-809D-087D42EE7629}"
EndProject
Project("{FAE04EC0-301F-11D3-BF4B-00C04F79EFBC}") = "UnBoxing", "UnBoxing\UnBoxing.csproj", "{8B8B8495-ABB4-480A-8B5A-5DAFF207C9CE}"
EndProject
Project("{FAE04EC0-301F-11D3-BF4B-00C04F79EFBC}") = "StringMethod", "StringMethod\StringMethod.csproj", "{4FD4254D-6BDE-43DA-9B6D-2D9F432F4D8A}"
EndProject
Project("{FAE04EC0-301F-11D3-BF4B-00C04F79EFBC}") = "While", "While\While.csproj", "{206E7FC9-3E39-4CDE-9936-0F8875CFE8F3}"
EndProject
Project("{FAE04EC0-301F-11D3-BF4B-00C04F79EFBC}") = "Practice3", "Practice3\Practice3.csproj", "{381865F7-71A6-42B9-8A1F-62753DE7A89C}"
EndProject
Project("{FAE04EC0-301F-11D3-BF4B-00C04F79EFBC}") = "GreatestCommonDivisor", "GreatestCommonDivisor\GreatestCommonDivisor.csproj", "{25924273-441F-4F61-92B7-D222B080128E}"
EndProject
Project("{FAE04EC0-301F-11D3-BF4B-00C04F79EFBC}") = "Practice5", "Practice5\Practice5.csproj", "{DD075385-8117-48E5-9E60-298549178295}"
EndProject
Project("{FAE04EC0-301F-11D3-BF4B-00C04F79EFBC}") = "SnakeMatrix", "SnakeMatrix\SnakeMatrix.csproj", "{DDB8FA51-C7B3-4463-8977-D7389C076C5B}"
EndProject
Project("{FAE04EC0-301F-11D3-BF4B-00C04F79EFBC}") = "AnonymousClass", "AnonymousClass\AnonymousClass.csproj", "{91A538DB-BB39-4F6C-9D26-9CE55B1794BF}"
EndProject
Project("{FAE04EC0-301F-11D3-BF4B-00C04F79EFBC}") = "DateTime", "DateTime\DateTime.csproj", "{2D3980AA-4EF1-438D-B922-80368EEE1C80}"
EndProject
Project("{FAE04EC0-301F-11D3-BF4B-00C04F79EFBC}") = "DefindClass", "DefindClass\DefindClass.csproj", "{481CB9FE-1988-42E2-B5F5-9C8B095AE4D6}"
EndProject
Project("{FAE04EC0-301F-11D3-BF4B-00C04F79EFBC}") = "Destructor", "Destructor\Destructor.csproj", "{31A04697-716F-4080-A1FD-B8D257714546}"
EndProject
Project("{FAE04EC0-301F-11D3-BF4B-00C04F79EFBC}") = "GarbageCollection", "GarbageCollection\GarbageCollection.csproj", "{3C603417-AE0B-4175-A0A4-D1287F922E93}"
EndProject
Project("{FAE04EC0-301F-11D3-BF4B-00C04F79EFBC}") = "GarbageObject", "GarbageObject\GarbageObject.csproj", "{4BE9F45D-6B37-4218-9DE3-6C952D4EB282}"
EndProject
Project("{FAE04EC0-301F-11D3-BF4B-00C04F79EFBC}") = "Indexer", "Indexer\Indexer.csproj", "{5B2E5092-EC22-4687-8F4C-30F01B41D76F}"
EndProject
Project("{FAE04EC0-301F-11D3-BF4B-00C04F79EFBC}") = "StructMethod", "StructMethod\StructMethod.csproj", "{22948584-9C8C-4CF8-ADB7-4C7EC12BB010}"
EndProject
Project("{FAE04EC0-301F-11D3-BF4B-00C04F79EFBC}") = "MyMethodTransmission", "MyMethodTransmission\MyMethodTransmission.csproj", "{5CC840F1-4E07-468D-9206-864824A8FDD5}"
EndProject
Project("{FAE04EC0-301F-11D3-BF4B-00C04F79EFBC}") = "NestingClass", "NestingClass\NestingClass.csproj", "{40EF9412-A7CD-450E-855B-8B95A55610D9}"
EndProject
Project("{FAE04EC0-301F-11D3-BF4B-00C04F79EFBC}") = "ObjectReset", "ObjectReset\ObjectReset.csproj", "{F3085702-F6C2-4233-B2FC-2CF509C7722B}"
EndProject
Project("{FAE04EC0-301F-11D3-BF4B-00C04F79EFBC}") = "OperatorReload", "OperatorReload\OperatorReload.csproj", "{B4A75825-2444-4EF9-B3CA-8201D938C5FF}"
EndProject
Project("{FAE04EC0-301F-11D3-BF4B-00C04F79EFBC}") = "OperatorReload2", "OperatorReload2\OperatorReload2.csproj", "{11F91B37-6730-424E-82B2-C098B64489F4}"
EndProject
Project("{FAE04EC0-301F-11D3-BF4B-00C04F79EFBC}") = "Private", "Private\Private.csproj", "{ED3E04DA-E208-4932-9E83-C5A3D3790000}"
EndProject
Project("{FAE04EC0-301F-11D3-BF4B-00C04F79EFBC}") = "Property", "Property\Property.csproj", "{3D969C04-D98F-401C-B502-02AE0C1CFD9E}"
EndProject
Project("{FAE04EC0-301F-11D3-BF4B-00C04F79EFBC}") = "ReadOnly", "ReadOnly\ReadOnly.csproj", "{AE9AC23C-EB14-4785-9EFD-7C8899C9865C}"
EndProject
Project("{FAE04EC0-301F-11D3-BF4B-00C04F79EFBC}") = "SingleClass", "SingleClass\SingleClass.csproj", "{18722867-F1D6-41C6-B019-D17E3B8FF0C8}"
EndProject
Project("{FAE04EC0-301F-11D3-BF4B-00C04F79EFBC}") = "StaticClass", "StaticClass\StaticClass.csproj", "{40A34D72-2AF7-4D32-87C8-C5C1786A6C77}"
EndProject
Project("{FAE04EC0-301F-11D3-BF4B-00C04F79EFBC}") = "StaticConst", "StaticConst\StaticConst.csproj", "{759669DD-FD69-4A2D-9DD0-4EEF3A27166D}"
EndProject
Project("{FAE04EC0-301F-11D3-BF4B-00C04F79EFBC}") = "StaticField", "StaticField\StaticField.csproj", "{A3E3B2AB-47B2-43DC-B9F5-602540A98A6B}"
EndProject
Project("{FAE04EC0-301F-11D3-BF4B-00C04F79EFBC}") = "StaticMethod", "StaticMethod\StaticMethod.csproj", "{EA924339-5D6F-4E00-ADA6-7E6FAA8DB265}"
EndProject
Project("{FAE04EC0-301F-11D3-BF4B-00C04F79EFBC}") = "StaticProperty", "StaticProperty\StaticProperty.csproj", "{6B2A6FC3-8323-40D3-8A9A-33D2267A5D38}"
EndProject
Project("{FAE04EC0-301F-11D3-BF4B-00C04F79EFBC}") = "This", "This\This.csproj", "{260D85C5-A0A4-474D-A9C8-46A200F91749}"
EndProject
Project("{FAE04EC0-301F-11D3-BF4B-00C04F79EFBC}") = "ThisMethod", "ThisMethod\ThisMethod.csproj", "{11C10B4F-52AB-4992-B2C0-A0AAA733E4C2}"
EndProject
Project("{FAE04EC0-301F-11D3-BF4B-00C04F79EFBC}") = "Generic", "Generic\Generic.csproj", "{3595C59B-1D98-48CB-8577-66AC4B898549}"
EndProject
Project("{FAE04EC0-301F-11D3-BF4B-00C04F79EFBC}") = "Abstract", "Abstract\Abstract.csproj", "{4D204874-6176-4B28-93B9-90DB7A6CB669}"
EndProject
Project("{FAE04EC0-301F-11D3-BF4B-00C04F79EFBC}") = "Circular", "Circular\Circular.csproj", "{EB14DE89-93DD-43BD-A010-675CC2E57FC6}"
EndProject
Project("{FAE04EC0-301F-11D3-BF4B-00C04F79EFBC}") = "Inherit", "Inherit\Inherit.csproj", "{7ACE08AC-698C-4DAF-8114-AF92FEE48C88}"
EndProject
Project("{FAE04EC0-301F-11D3-BF4B-00C04F79EFBC}") = "Delegate", "Delegate\Delegate.csproj", "{1CE72776-C98A-41A1-ACD2-706207E77C0F}"
EndProject
Project("{FAE04EC0-301F-11D3-BF4B-00C04F79EFBC}") = "Polymorphism", "Polymorphism\Polymorphism.csproj", "{822274D6-FF56-4C72-8E90-10D78A9D7A6B}"
EndProject
Project("{FAE04EC0-301F-11D3-BF4B-00C04F79EFBC}") = "Override", "Override\Override.csproj", "{D67AA101-EFB9-4D7E-AC70-950F5E0B42C6}"
EndProject
Project("{FAE04EC0-301F-11D3-BF4B-00C04F79EFBC}") = "Interface", "Interface\Interface.csproj", "{3916879B-E81B-4FDD-8AE0-7E28E89E13AC}"
EndProject
Project("{FAE04EC0-301F-11D3-BF4B-00C04F79EFBC}") = "InterfaceExplicit", "InterfaceExplicit\InterfaceExplicit.csproj", "{2C4F97E8-D05E-4799-945D-6350DF8A40E7}"
EndProject
Project("{FAE04EC0-301F-11D3-BF4B-00C04F79EFBC}") = "Generic2", "Generic2\Generic2.csproj", "{0382582D-9550-44D3-B266-AE592B5D14A4}"
EndProject
Project("{FAE04EC0-301F-11D3-BF4B-00C04F79EFBC}") = "Exception", "Exception\Exception.csproj", "{DC89A20B-E095-4600-ACB6-08602F2E54FF}"
EndProject
Project("{FAE04EC0-301F-11D3-BF4B-00C04F79EFBC}") = "Event3", "Event3\Event3.csproj", "{B8B0FDF5-D3B8-4075-AE9F-61F6913DF933}"
EndProject
Project("{FAE04EC0-301F-11D3-BF4B-00C04F79EFBC}") = "Event2", "Event2\Event2.csproj", "{989A48DE-BECC-4609-8F43-97528ED962F1}"
EndProject
Project("{FAE04EC0-301F-11D3-BF4B-00C04F79EFBC}") = "Event", "Event\Event.csproj", "{A97896F2-2A43-47C2-84E0-B22F8C9DBD80}"
EndProject
Project("{FAE04EC0-301F-11D3-BF4B-00C04F79EFBC}") = "Multiplication", "Multiplication\Multiplication.csproj", "{220B412C-68EC-45F7-9AEF-025C6C8B2DF2}"
EndProject
Project("{FAE04EC0-301F-11D3-BF4B-00C04F79EFBC}") = "DrawPolygon", "DrawPolygon\DrawPolygon.csproj", "{15BB98B9-3856-411E-8E2C-ED41054DC297}"
EndProject
Project("{FAE04EC0-301F-11D3-BF4B-00C04F79EFBC}") = "Graphic", "Graphic\Graphic.csproj", "{3AD4F641-FEED-48A6-A5A8-2A09E5CFD6DB}"
EndProject
Project("{FAE04EC0-301F-11D3-BF4B-00C04F79EFBC}") = "Format", "Format\Format.csproj", "{0ABB5CD1-7236-4CC6-AD9A-5DC52959C618}"
EndProject
Project("{FAE04EC0-301F-11D3-BF4B-00C04F79EFBC}") = "FindRoot", "FindRoot\FindRoot.csproj", "{9F2380AB-95F5-417E-8EAD-597FD247D443}"
EndProject
Project("{FAE04EC0-301F-11D3-BF4B-00C04F79EFBC}") = "FindRoot2", "FindRoot2\FindRoot2.csproj", "{B9C98AE3-81AB-4D6A-B28E-189446653035}"
EndProject
Project("{FAE04EC0-301F-11D3-BF4B-00C04F79EFBC}") = "Assert", "Assert\Assert.csproj", "{12627987-D1E1-47C9-95D9-67783F28F095}"
EndProject
Project("{FAE04EC0-301F-11D3-BF4B-00C04F79EFBC}") = "SelectionSort", "SelectionSort\SelectionSort.csproj", "{FCF5325D-203D-4D46-8FC2-DCFA79BED23D}"
EndProject
Project("{FAE04EC0-301F-11D3-BF4B-00C04F79EFBC}") = "File", "File\File.csproj", "{A75DD04A-BE24-466D-8BED-682EBD617D06}"
EndProject
Project("{FAE04EC0-301F-11D3-BF4B-00C04F79EFBC}") = "Prime2", "Prime2\Prime2.csproj", "{23B8A195-5205-4516-AA70-D0B47358FA4F}"
EndProject
Project("{FAE04EC0-301F-11D3-BF4B-00C04F79EFBC}") = "Inherit2", "Inherit2\Inherit2.csproj", "{25B42A90-7D2B-45F1-B5DF-82D458C8F13C}"
EndProject
Project("{FAE04EC0-301F-11D3-BF4B-00C04F79EFBC}") = "OperatorReload3", "OperatorReload3\OperatorReload3.csproj", "{7ACE9CCB-AD25-4A38-ABFE-E6D0D081E107}"
EndProject
Project("{FAE04EC0-301F-11D3-BF4B-00C04F79EFBC}") = "Sealed", "Sealed\Sealed.csproj", "{A15D6F0F-3933-441C-BC29-B23372020B8B}"
EndProject
Project("{FAE04EC0-301F-11D3-BF4B-00C04F79EFBC}") = "NewKeyWord", "NewKeyWord\NewKeyWord.csproj", "{59A3F6EA-2051-4F7E-B6B2-B84C69D90E75}"
EndProject
Project("{FAE04EC0-301F-11D3-BF4B-00C04F79EFBC}") = "AbstractProperties", "AbstractProperties\AbstractProperties.csproj", "{F6410DB7-F1CD-435F-93ED-16B9DD202DF1}"
EndProject
Project("{FAE04EC0-301F-11D3-BF4B-00C04F79EFBC}") = "IndexerReload", "IndexerReload\IndexerReload.csproj", "{53C720C2-9789-4B82-B8B4-6E48C2BBCA68}"
EndProject
Project("{FAE04EC0-301F-11D3-BF4B-00C04F79EFBC}") = "Nullable", "Nullable\Nullable.csproj", "{CBC222DF-9E07-489B-BB6B-42EF96D69EEE}"
EndProject
Project("{FAE04EC0-301F-11D3-BF4B-00C04F79EFBC}") = "For3", "For3\For3.csproj", "{E826C8C0-3D90-4DD9-8019-5DAE8B24FD74}"
EndProject
Project("{FAE04EC0-301F-11D3-BF4B-00C04F79EFBC}") = "Var", "Var\Var.csproj", "{CF5DD79F-5C8B-43D0-B5AA-45FA07F98A13}"
EndProject
Global
	GlobalSection(SolutionConfigurationPlatforms) = preSolution
		Debug|Any CPU = Debug|Any CPU
		Release|Any CPU = Release|Any CPU
	EndGlobalSection
	GlobalSection(ProjectConfigurationPlatforms) = postSolution
		{E2A96068-2DB4-4F85-AD22-4E08953262F0}.Debug|Any CPU.ActiveCfg = Debug|Any CPU
		{E2A96068-2DB4-4F85-AD22-4E08953262F0}.Debug|Any CPU.Build.0 = Debug|Any CPU
		{E2A96068-2DB4-4F85-AD22-4E08953262F0}.Release|Any CPU.ActiveCfg = Release|Any CPU
		{E2A96068-2DB4-4F85-AD22-4E08953262F0}.Release|Any CPU.Build.0 = Release|Any CPU
		{E900D381-7D14-40EB-8B1B-A58B91C62E3F}.Debug|Any CPU.ActiveCfg = Debug|Any CPU
		{E900D381-7D14-40EB-8B1B-A58B91C62E3F}.Debug|Any CPU.Build.0 = Debug|Any CPU
		{E900D381-7D14-40EB-8B1B-A58B91C62E3F}.Release|Any CPU.ActiveCfg = Release|Any CPU
		{E900D381-7D14-40EB-8B1B-A58B91C62E3F}.Release|Any CPU.Build.0 = Release|Any CPU
		{32F40FB5-67DD-417A-98FF-19C5D98C762D}.Debug|Any CPU.ActiveCfg = Debug|Any CPU
		{32F40FB5-67DD-417A-98FF-19C5D98C762D}.Debug|Any CPU.Build.0 = Debug|Any CPU
		{32F40FB5-67DD-417A-98FF-19C5D98C762D}.Release|Any CPU.ActiveCfg = Release|Any CPU
		{32F40FB5-67DD-417A-98FF-19C5D98C762D}.Release|Any CPU.Build.0 = Release|Any CPU
		{561A69EF-99AD-4FD4-B38F-2350D27842C2}.Debug|Any CPU.ActiveCfg = Debug|Any CPU
		{561A69EF-99AD-4FD4-B38F-2350D27842C2}.Debug|Any CPU.Build.0 = Debug|Any CPU
		{561A69EF-99AD-4FD4-B38F-2350D27842C2}.Release|Any CPU.ActiveCfg = Release|Any CPU
		{561A69EF-99AD-4FD4-B38F-2350D27842C2}.Release|Any CPU.Build.0 = Release|Any CPU
		{F2989A40-87D9-42AE-8232-A2DB5A76AB8D}.Debug|Any CPU.ActiveCfg = Debug|Any CPU
		{F2989A40-87D9-42AE-8232-A2DB5A76AB8D}.Debug|Any CPU.Build.0 = Debug|Any CPU
		{F2989A40-87D9-42AE-8232-A2DB5A76AB8D}.Release|Any CPU.ActiveCfg = Release|Any CPU
		{F2989A40-87D9-42AE-8232-A2DB5A76AB8D}.Release|Any CPU.Build.0 = Release|Any CPU
		{2044ABAB-4606-4B17-B823-FCC5D91E099A}.Debug|Any CPU.ActiveCfg = Debug|Any CPU
		{2044ABAB-4606-4B17-B823-FCC5D91E099A}.Debug|Any CPU.Build.0 = Debug|Any CPU
		{2044ABAB-4606-4B17-B823-FCC5D91E099A}.Release|Any CPU.ActiveCfg = Release|Any CPU
		{2044ABAB-4606-4B17-B823-FCC5D91E099A}.Release|Any CPU.Build.0 = Release|Any CPU
		{EA261AC3-B0D4-4A5E-8125-2A6A44BC3BB5}.Debug|Any CPU.ActiveCfg = Debug|Any CPU
		{EA261AC3-B0D4-4A5E-8125-2A6A44BC3BB5}.Debug|Any CPU.Build.0 = Debug|Any CPU
		{EA261AC3-B0D4-4A5E-8125-2A6A44BC3BB5}.Release|Any CPU.ActiveCfg = Release|Any CPU
		{EA261AC3-B0D4-4A5E-8125-2A6A44BC3BB5}.Release|Any CPU.Build.0 = Release|Any CPU
		{85D98345-090A-4B5D-8BCB-7AE643E4703F}.Debug|Any CPU.ActiveCfg = Debug|Any CPU
		{85D98345-090A-4B5D-8BCB-7AE643E4703F}.Debug|Any CPU.Build.0 = Debug|Any CPU
		{85D98345-090A-4B5D-8BCB-7AE643E4703F}.Release|Any CPU.ActiveCfg = Release|Any CPU
		{85D98345-090A-4B5D-8BCB-7AE643E4703F}.Release|Any CPU.Build.0 = Release|Any CPU
		{505FA39C-8D50-4952-BFCC-F5405F097273}.Debug|Any CPU.ActiveCfg = Debug|Any CPU
		{505FA39C-8D50-4952-BFCC-F5405F097273}.Debug|Any CPU.Build.0 = Debug|Any CPU
		{505FA39C-8D50-4952-BFCC-F5405F097273}.Release|Any CPU.ActiveCfg = Release|Any CPU
		{505FA39C-8D50-4952-BFCC-F5405F097273}.Release|Any CPU.Build.0 = Release|Any CPU
		{8DF24295-AE77-4E41-A786-1E2BCC5051BF}.Debug|Any CPU.ActiveCfg = Debug|Any CPU
		{8DF24295-AE77-4E41-A786-1E2BCC5051BF}.Debug|Any CPU.Build.0 = Debug|Any CPU
		{8DF24295-AE77-4E41-A786-1E2BCC5051BF}.Release|Any CPU.ActiveCfg = Release|Any CPU
		{8DF24295-AE77-4E41-A786-1E2BCC5051BF}.Release|Any CPU.Build.0 = Release|Any CPU
		{483FF679-678C-462B-8EEB-110D046936CC}.Debug|Any CPU.ActiveCfg = Debug|Any CPU
		{483FF679-678C-462B-8EEB-110D046936CC}.Debug|Any CPU.Build.0 = Debug|Any CPU
		{483FF679-678C-462B-8EEB-110D046936CC}.Release|Any CPU.ActiveCfg = Release|Any CPU
		{483FF679-678C-462B-8EEB-110D046936CC}.Release|Any CPU.Build.0 = Release|Any CPU
		{E2545CD3-8D23-46CE-B397-93DF5C3CD467}.Debug|Any CPU.ActiveCfg = Debug|Any CPU
		{E2545CD3-8D23-46CE-B397-93DF5C3CD467}.Debug|Any CPU.Build.0 = Debug|Any CPU
		{E2545CD3-8D23-46CE-B397-93DF5C3CD467}.Release|Any CPU.ActiveCfg = Release|Any CPU
		{E2545CD3-8D23-46CE-B397-93DF5C3CD467}.Release|Any CPU.Build.0 = Release|Any CPU
		{9828913C-124C-4FF4-9D45-6515B007C1AF}.Debug|Any CPU.ActiveCfg = Debug|Any CPU
		{9828913C-124C-4FF4-9D45-6515B007C1AF}.Debug|Any CPU.Build.0 = Debug|Any CPU
		{9828913C-124C-4FF4-9D45-6515B007C1AF}.Release|Any CPU.ActiveCfg = Release|Any CPU
		{9828913C-124C-4FF4-9D45-6515B007C1AF}.Release|Any CPU.Build.0 = Release|Any CPU
		{56395992-958B-466D-868E-CE465DD6BEC1}.Debug|Any CPU.ActiveCfg = Debug|Any CPU
		{56395992-958B-466D-868E-CE465DD6BEC1}.Debug|Any CPU.Build.0 = Debug|Any CPU
		{56395992-958B-466D-868E-CE465DD6BEC1}.Release|Any CPU.ActiveCfg = Release|Any CPU
		{56395992-958B-466D-868E-CE465DD6BEC1}.Release|Any CPU.Build.0 = Release|Any CPU
		{7F48F204-4E65-4CB6-9264-2CB7A373C212}.Debug|Any CPU.ActiveCfg = Debug|Any CPU
		{7F48F204-4E65-4CB6-9264-2CB7A373C212}.Debug|Any CPU.Build.0 = Debug|Any CPU
		{7F48F204-4E65-4CB6-9264-2CB7A373C212}.Release|Any CPU.ActiveCfg = Release|Any CPU
		{7F48F204-4E65-4CB6-9264-2CB7A373C212}.Release|Any CPU.Build.0 = Release|Any CPU
		{13C7684B-3629-44D3-ABAA-87207CC4027C}.Debug|Any CPU.ActiveCfg = Debug|Any CPU
		{13C7684B-3629-44D3-ABAA-87207CC4027C}.Debug|Any CPU.Build.0 = Debug|Any CPU
		{13C7684B-3629-44D3-ABAA-87207CC4027C}.Release|Any CPU.ActiveCfg = Release|Any CPU
		{13C7684B-3629-44D3-ABAA-87207CC4027C}.Release|Any CPU.Build.0 = Release|Any CPU
		{145CDC06-894E-49F7-BD44-9F290AC213CA}.Debug|Any CPU.ActiveCfg = Debug|Any CPU
		{145CDC06-894E-49F7-BD44-9F290AC213CA}.Debug|Any CPU.Build.0 = Debug|Any CPU
		{145CDC06-894E-49F7-BD44-9F290AC213CA}.Release|Any CPU.ActiveCfg = Release|Any CPU
		{145CDC06-894E-49F7-BD44-9F290AC213CA}.Release|Any CPU.Build.0 = Release|Any CPU
		{909BF1A5-11DA-48F2-8926-CC13DA193D4F}.Debug|Any CPU.ActiveCfg = Debug|Any CPU
		{909BF1A5-11DA-48F2-8926-CC13DA193D4F}.Debug|Any CPU.Build.0 = Debug|Any CPU
		{909BF1A5-11DA-48F2-8926-CC13DA193D4F}.Release|Any CPU.ActiveCfg = Release|Any CPU
		{909BF1A5-11DA-48F2-8926-CC13DA193D4F}.Release|Any CPU.Build.0 = Release|Any CPU
		{7588514C-74AF-45D8-84BB-E3480D789A14}.Debug|Any CPU.ActiveCfg = Debug|Any CPU
		{7588514C-74AF-45D8-84BB-E3480D789A14}.Debug|Any CPU.Build.0 = Debug|Any CPU
		{7588514C-74AF-45D8-84BB-E3480D789A14}.Release|Any CPU.ActiveCfg = Release|Any CPU
		{7588514C-74AF-45D8-84BB-E3480D789A14}.Release|Any CPU.Build.0 = Release|Any CPU
		{D320F437-ABA4-4C37-9580-BE178728809D}.Debug|Any CPU.ActiveCfg = Debug|Any CPU
		{D320F437-ABA4-4C37-9580-BE178728809D}.Debug|Any CPU.Build.0 = Debug|Any CPU
		{D320F437-ABA4-4C37-9580-BE178728809D}.Release|Any CPU.ActiveCfg = Release|Any CPU
		{D320F437-ABA4-4C37-9580-BE178728809D}.Release|Any CPU.Build.0 = Release|Any CPU
		{B43C4E6C-7396-4401-801C-331E47635BAC}.Debug|Any CPU.ActiveCfg = Debug|Any CPU
		{B43C4E6C-7396-4401-801C-331E47635BAC}.Debug|Any CPU.Build.0 = Debug|Any CPU
		{B43C4E6C-7396-4401-801C-331E47635BAC}.Release|Any CPU.ActiveCfg = Release|Any CPU
		{B43C4E6C-7396-4401-801C-331E47635BAC}.Release|Any CPU.Build.0 = Release|Any CPU
		{A080B323-379A-46E4-BD58-42144A698B33}.Debug|Any CPU.ActiveCfg = Debug|Any CPU
		{A080B323-379A-46E4-BD58-42144A698B33}.Debug|Any CPU.Build.0 = Debug|Any CPU
		{A080B323-379A-46E4-BD58-42144A698B33}.Release|Any CPU.ActiveCfg = Release|Any CPU
		{A080B323-379A-46E4-BD58-42144A698B33}.Release|Any CPU.Build.0 = Release|Any CPU
		{DC0153C2-FFEA-4EDA-B768-8B07C3EC6941}.Debug|Any CPU.ActiveCfg = Debug|Any CPU
		{DC0153C2-FFEA-4EDA-B768-8B07C3EC6941}.Debug|Any CPU.Build.0 = Debug|Any CPU
		{DC0153C2-FFEA-4EDA-B768-8B07C3EC6941}.Release|Any CPU.ActiveCfg = Release|Any CPU
		{DC0153C2-FFEA-4EDA-B768-8B07C3EC6941}.Release|Any CPU.Build.0 = Release|Any CPU
		{1534BAE1-61F9-43A4-897D-E4B04C03E239}.Debug|Any CPU.ActiveCfg = Debug|Any CPU
		{1534BAE1-61F9-43A4-897D-E4B04C03E239}.Debug|Any CPU.Build.0 = Debug|Any CPU
		{1534BAE1-61F9-43A4-897D-E4B04C03E239}.Release|Any CPU.ActiveCfg = Release|Any CPU
		{1534BAE1-61F9-43A4-897D-E4B04C03E239}.Release|Any CPU.Build.0 = Release|Any CPU
		{8D35ACB2-9F19-4145-8824-0DB32F007E98}.Debug|Any CPU.ActiveCfg = Debug|Any CPU
		{8D35ACB2-9F19-4145-8824-0DB32F007E98}.Debug|Any CPU.Build.0 = Debug|Any CPU
		{8D35ACB2-9F19-4145-8824-0DB32F007E98}.Release|Any CPU.ActiveCfg = Release|Any CPU
		{8D35ACB2-9F19-4145-8824-0DB32F007E98}.Release|Any CPU.Build.0 = Release|Any CPU
		{FFEFCA8D-ADA4-4D36-B930-637ECA89D74E}.Debug|Any CPU.ActiveCfg = Debug|Any CPU
		{FFEFCA8D-ADA4-4D36-B930-637ECA89D74E}.Debug|Any CPU.Build.0 = Debug|Any CPU
		{FFEFCA8D-ADA4-4D36-B930-637ECA89D74E}.Release|Any CPU.ActiveCfg = Release|Any CPU
		{FFEFCA8D-ADA4-4D36-B930-637ECA89D74E}.Release|Any CPU.Build.0 = Release|Any CPU
		{FAA9EDA7-A3F0-4CB4-B02C-D2EF1BC6FB50}.Debug|Any CPU.ActiveCfg = Debug|Any CPU
		{FAA9EDA7-A3F0-4CB4-B02C-D2EF1BC6FB50}.Debug|Any CPU.Build.0 = Debug|Any CPU
		{FAA9EDA7-A3F0-4CB4-B02C-D2EF1BC6FB50}.Release|Any CPU.ActiveCfg = Release|Any CPU
		{FAA9EDA7-A3F0-4CB4-B02C-D2EF1BC6FB50}.Release|Any CPU.Build.0 = Release|Any CPU
		{65B484EE-0838-44FC-A3EC-946DDF6166B6}.Debug|Any CPU.ActiveCfg = Debug|Any CPU
		{65B484EE-0838-44FC-A3EC-946DDF6166B6}.Debug|Any CPU.Build.0 = Debug|Any CPU
		{65B484EE-0838-44FC-A3EC-946DDF6166B6}.Release|Any CPU.ActiveCfg = Release|Any CPU
		{65B484EE-0838-44FC-A3EC-946DDF6166B6}.Release|Any CPU.Build.0 = Release|Any CPU
		{3EA0A314-9398-475D-AA28-DE58DA31B042}.Debug|Any CPU.ActiveCfg = Debug|Any CPU
		{3EA0A314-9398-475D-AA28-DE58DA31B042}.Debug|Any CPU.Build.0 = Debug|Any CPU
		{3EA0A314-9398-475D-AA28-DE58DA31B042}.Release|Any CPU.ActiveCfg = Release|Any CPU
		{3EA0A314-9398-475D-AA28-DE58DA31B042}.Release|Any CPU.Build.0 = Release|Any CPU
		{C2E20CBD-757D-4177-98BC-CE51E8942142}.Debug|Any CPU.ActiveCfg = Debug|Any CPU
		{C2E20CBD-757D-4177-98BC-CE51E8942142}.Debug|Any CPU.Build.0 = Debug|Any CPU
		{C2E20CBD-757D-4177-98BC-CE51E8942142}.Release|Any CPU.ActiveCfg = Release|Any CPU
		{C2E20CBD-757D-4177-98BC-CE51E8942142}.Release|Any CPU.Build.0 = Release|Any CPU
		{84C6290A-F12A-47E7-89EF-AE8C95D65AA6}.Debug|Any CPU.ActiveCfg = Debug|Any CPU
		{84C6290A-F12A-47E7-89EF-AE8C95D65AA6}.Debug|Any CPU.Build.0 = Debug|Any CPU
		{84C6290A-F12A-47E7-89EF-AE8C95D65AA6}.Release|Any CPU.ActiveCfg = Release|Any CPU
		{84C6290A-F12A-47E7-89EF-AE8C95D65AA6}.Release|Any CPU.Build.0 = Release|Any CPU
		{0961CC29-B6E1-4706-B960-79F779DF7BEB}.Debug|Any CPU.ActiveCfg = Debug|Any CPU
		{0961CC29-B6E1-4706-B960-79F779DF7BEB}.Debug|Any CPU.Build.0 = Debug|Any CPU
		{0961CC29-B6E1-4706-B960-79F779DF7BEB}.Release|Any CPU.ActiveCfg = Release|Any CPU
		{0961CC29-B6E1-4706-B960-79F779DF7BEB}.Release|Any CPU.Build.0 = Release|Any CPU
		{201CFA78-5AD8-479C-B706-CF046C8F2579}.Debug|Any CPU.ActiveCfg = Debug|Any CPU
		{201CFA78-5AD8-479C-B706-CF046C8F2579}.Debug|Any CPU.Build.0 = Debug|Any CPU
		{201CFA78-5AD8-479C-B706-CF046C8F2579}.Release|Any CPU.ActiveCfg = Release|Any CPU
		{201CFA78-5AD8-479C-B706-CF046C8F2579}.Release|Any CPU.Build.0 = Release|Any CPU
		{6E794673-4610-4F26-8278-E2A91A083EF9}.Debug|Any CPU.ActiveCfg = Debug|Any CPU
		{6E794673-4610-4F26-8278-E2A91A083EF9}.Debug|Any CPU.Build.0 = Debug|Any CPU
		{6E794673-4610-4F26-8278-E2A91A083EF9}.Release|Any CPU.ActiveCfg = Release|Any CPU
		{6E794673-4610-4F26-8278-E2A91A083EF9}.Release|Any CPU.Build.0 = Release|Any CPU
		{C56A04DC-0060-4207-ABA3-55D851773786}.Debug|Any CPU.ActiveCfg = Debug|Any CPU
		{C56A04DC-0060-4207-ABA3-55D851773786}.Debug|Any CPU.Build.0 = Debug|Any CPU
		{C56A04DC-0060-4207-ABA3-55D851773786}.Release|Any CPU.ActiveCfg = Release|Any CPU
		{C56A04DC-0060-4207-ABA3-55D851773786}.Release|Any CPU.Build.0 = Release|Any CPU
		{68C6A6E9-40CB-4191-A6A4-AA35A24762D6}.Debug|Any CPU.ActiveCfg = Debug|Any CPU
		{68C6A6E9-40CB-4191-A6A4-AA35A24762D6}.Debug|Any CPU.Build.0 = Debug|Any CPU
		{68C6A6E9-40CB-4191-A6A4-AA35A24762D6}.Release|Any CPU.ActiveCfg = Release|Any CPU
		{68C6A6E9-40CB-4191-A6A4-AA35A24762D6}.Release|Any CPU.Build.0 = Release|Any CPU
		{754657E8-99DE-4909-9BD2-8BD7D80B5360}.Debug|Any CPU.ActiveCfg = Debug|Any CPU
		{754657E8-99DE-4909-9BD2-8BD7D80B5360}.Debug|Any CPU.Build.0 = Debug|Any CPU
		{754657E8-99DE-4909-9BD2-8BD7D80B5360}.Release|Any CPU.ActiveCfg = Release|Any CPU
		{754657E8-99DE-4909-9BD2-8BD7D80B5360}.Release|Any CPU.Build.0 = Release|Any CPU
		{F1F31B10-D77E-46BF-AC96-0428FAB95C8E}.Debug|Any CPU.ActiveCfg = Debug|Any CPU
		{F1F31B10-D77E-46BF-AC96-0428FAB95C8E}.Debug|Any CPU.Build.0 = Debug|Any CPU
		{F1F31B10-D77E-46BF-AC96-0428FAB95C8E}.Release|Any CPU.ActiveCfg = Release|Any CPU
		{F1F31B10-D77E-46BF-AC96-0428FAB95C8E}.Release|Any CPU.Build.0 = Release|Any CPU
		{575829E6-42F2-48B9-9707-16246D1A82B0}.Debug|Any CPU.ActiveCfg = Debug|Any CPU
		{575829E6-42F2-48B9-9707-16246D1A82B0}.Debug|Any CPU.Build.0 = Debug|Any CPU
		{575829E6-42F2-48B9-9707-16246D1A82B0}.Release|Any CPU.ActiveCfg = Release|Any CPU
		{575829E6-42F2-48B9-9707-16246D1A82B0}.Release|Any CPU.Build.0 = Release|Any CPU
		{54C1EA0C-D2E5-49D1-8746-39F7D2C20C38}.Debug|Any CPU.ActiveCfg = Debug|Any CPU
		{54C1EA0C-D2E5-49D1-8746-39F7D2C20C38}.Debug|Any CPU.Build.0 = Debug|Any CPU
		{54C1EA0C-D2E5-49D1-8746-39F7D2C20C38}.Release|Any CPU.ActiveCfg = Release|Any CPU
		{54C1EA0C-D2E5-49D1-8746-39F7D2C20C38}.Release|Any CPU.Build.0 = Release|Any CPU
		{FDECE8AF-55A5-4621-A878-54441DC5FE47}.Debug|Any CPU.ActiveCfg = Debug|Any CPU
		{FDECE8AF-55A5-4621-A878-54441DC5FE47}.Debug|Any CPU.Build.0 = Debug|Any CPU
		{FDECE8AF-55A5-4621-A878-54441DC5FE47}.Release|Any CPU.ActiveCfg = Release|Any CPU
		{FDECE8AF-55A5-4621-A878-54441DC5FE47}.Release|Any CPU.Build.0 = Release|Any CPU
		{065F0C1E-FE68-406A-AA5C-48FC9BF613DD}.Debug|Any CPU.ActiveCfg = Debug|Any CPU
		{065F0C1E-FE68-406A-AA5C-48FC9BF613DD}.Debug|Any CPU.Build.0 = Debug|Any CPU
		{065F0C1E-FE68-406A-AA5C-48FC9BF613DD}.Release|Any CPU.ActiveCfg = Release|Any CPU
		{065F0C1E-FE68-406A-AA5C-48FC9BF613DD}.Release|Any CPU.Build.0 = Release|Any CPU
		{584C3CD0-0854-4559-8677-32B9DBCAB997}.Debug|Any CPU.ActiveCfg = Debug|Any CPU
		{584C3CD0-0854-4559-8677-32B9DBCAB997}.Debug|Any CPU.Build.0 = Debug|Any CPU
		{584C3CD0-0854-4559-8677-32B9DBCAB997}.Release|Any CPU.ActiveCfg = Release|Any CPU
		{584C3CD0-0854-4559-8677-32B9DBCAB997}.Release|Any CPU.Build.0 = Release|Any CPU
		{5DF717FA-A3B8-4299-9136-D1673ECD1A0C}.Debug|Any CPU.ActiveCfg = Debug|Any CPU
		{5DF717FA-A3B8-4299-9136-D1673ECD1A0C}.Debug|Any CPU.Build.0 = Debug|Any CPU
		{5DF717FA-A3B8-4299-9136-D1673ECD1A0C}.Release|Any CPU.ActiveCfg = Release|Any CPU
		{5DF717FA-A3B8-4299-9136-D1673ECD1A0C}.Release|Any CPU.Build.0 = Release|Any CPU
		{FD694C07-E328-4256-B9D5-D98959D09B0F}.Debug|Any CPU.ActiveCfg = Debug|Any CPU
		{FD694C07-E328-4256-B9D5-D98959D09B0F}.Debug|Any CPU.Build.0 = Debug|Any CPU
		{FD694C07-E328-4256-B9D5-D98959D09B0F}.Release|Any CPU.ActiveCfg = Release|Any CPU
		{FD694C07-E328-4256-B9D5-D98959D09B0F}.Release|Any CPU.Build.0 = Release|Any CPU
		{00FC1A46-AF96-4C78-96A6-F1295062CDDF}.Debug|Any CPU.ActiveCfg = Debug|Any CPU
		{00FC1A46-AF96-4C78-96A6-F1295062CDDF}.Debug|Any CPU.Build.0 = Debug|Any CPU
		{00FC1A46-AF96-4C78-96A6-F1295062CDDF}.Release|Any CPU.ActiveCfg = Release|Any CPU
		{00FC1A46-AF96-4C78-96A6-F1295062CDDF}.Release|Any CPU.Build.0 = Release|Any CPU
		{84515783-DABB-4474-ABF8-B4904EFCE4BC}.Debug|Any CPU.ActiveCfg = Debug|Any CPU
		{84515783-DABB-4474-ABF8-B4904EFCE4BC}.Debug|Any CPU.Build.0 = Debug|Any CPU
		{84515783-DABB-4474-ABF8-B4904EFCE4BC}.Release|Any CPU.ActiveCfg = Release|Any CPU
		{84515783-DABB-4474-ABF8-B4904EFCE4BC}.Release|Any CPU.Build.0 = Release|Any CPU
		{D6309F39-D644-40FD-BB81-9A713BEDCC42}.Debug|Any CPU.ActiveCfg = Debug|Any CPU
		{D6309F39-D644-40FD-BB81-9A713BEDCC42}.Debug|Any CPU.Build.0 = Debug|Any CPU
		{D6309F39-D644-40FD-BB81-9A713BEDCC42}.Release|Any CPU.ActiveCfg = Release|Any CPU
		{D6309F39-D644-40FD-BB81-9A713BEDCC42}.Release|Any CPU.Build.0 = Release|Any CPU
		{3D4EACAA-540D-4BF9-973A-CC901C39236D}.Debug|Any CPU.ActiveCfg = Debug|Any CPU
		{3D4EACAA-540D-4BF9-973A-CC901C39236D}.Debug|Any CPU.Build.0 = Debug|Any CPU
		{3D4EACAA-540D-4BF9-973A-CC901C39236D}.Release|Any CPU.ActiveCfg = Release|Any CPU
		{3D4EACAA-540D-4BF9-973A-CC901C39236D}.Release|Any CPU.Build.0 = Release|Any CPU
		{AACE488C-9C53-4E0D-A57A-1B44E514E708}.Debug|Any CPU.ActiveCfg = Debug|Any CPU
		{AACE488C-9C53-4E0D-A57A-1B44E514E708}.Debug|Any CPU.Build.0 = Debug|Any CPU
		{AACE488C-9C53-4E0D-A57A-1B44E514E708}.Release|Any CPU.ActiveCfg = Release|Any CPU
		{AACE488C-9C53-4E0D-A57A-1B44E514E708}.Release|Any CPU.Build.0 = Release|Any CPU
		{80CEF5BC-93F5-431F-8329-7DAB55142FEF}.Debug|Any CPU.ActiveCfg = Debug|Any CPU
		{80CEF5BC-93F5-431F-8329-7DAB55142FEF}.Debug|Any CPU.Build.0 = Debug|Any CPU
		{80CEF5BC-93F5-431F-8329-7DAB55142FEF}.Release|Any CPU.ActiveCfg = Release|Any CPU
		{80CEF5BC-93F5-431F-8329-7DAB55142FEF}.Release|Any CPU.Build.0 = Release|Any CPU
		{6C869A54-11AE-4C57-8996-15920A0EA306}.Debug|Any CPU.ActiveCfg = Debug|Any CPU
		{6C869A54-11AE-4C57-8996-15920A0EA306}.Debug|Any CPU.Build.0 = Debug|Any CPU
		{6C869A54-11AE-4C57-8996-15920A0EA306}.Release|Any CPU.ActiveCfg = Release|Any CPU
		{6C869A54-11AE-4C57-8996-15920A0EA306}.Release|Any CPU.Build.0 = Release|Any CPU
		{0139D5CB-7867-48E6-BDAC-25353C497863}.Debug|Any CPU.ActiveCfg = Debug|Any CPU
		{0139D5CB-7867-48E6-BDAC-25353C497863}.Debug|Any CPU.Build.0 = Debug|Any CPU
		{0139D5CB-7867-48E6-BDAC-25353C497863}.Release|Any CPU.ActiveCfg = Release|Any CPU
		{0139D5CB-7867-48E6-BDAC-25353C497863}.Release|Any CPU.Build.0 = Release|Any CPU
		{84EC6406-4C17-4FC2-809D-087D42EE7629}.Debug|Any CPU.ActiveCfg = Debug|Any CPU
		{84EC6406-4C17-4FC2-809D-087D42EE7629}.Debug|Any CPU.Build.0 = Debug|Any CPU
		{84EC6406-4C17-4FC2-809D-087D42EE7629}.Release|Any CPU.ActiveCfg = Release|Any CPU
		{84EC6406-4C17-4FC2-809D-087D42EE7629}.Release|Any CPU.Build.0 = Release|Any CPU
		{8B8B8495-ABB4-480A-8B5A-5DAFF207C9CE}.Debug|Any CPU.ActiveCfg = Debug|Any CPU
		{8B8B8495-ABB4-480A-8B5A-5DAFF207C9CE}.Debug|Any CPU.Build.0 = Debug|Any CPU
		{8B8B8495-ABB4-480A-8B5A-5DAFF207C9CE}.Release|Any CPU.ActiveCfg = Release|Any CPU
		{8B8B8495-ABB4-480A-8B5A-5DAFF207C9CE}.Release|Any CPU.Build.0 = Release|Any CPU
		{4FD4254D-6BDE-43DA-9B6D-2D9F432F4D8A}.Debug|Any CPU.ActiveCfg = Debug|Any CPU
		{4FD4254D-6BDE-43DA-9B6D-2D9F432F4D8A}.Debug|Any CPU.Build.0 = Debug|Any CPU
		{4FD4254D-6BDE-43DA-9B6D-2D9F432F4D8A}.Release|Any CPU.ActiveCfg = Release|Any CPU
		{4FD4254D-6BDE-43DA-9B6D-2D9F432F4D8A}.Release|Any CPU.Build.0 = Release|Any CPU
		{206E7FC9-3E39-4CDE-9936-0F8875CFE8F3}.Debug|Any CPU.ActiveCfg = Debug|Any CPU
		{206E7FC9-3E39-4CDE-9936-0F8875CFE8F3}.Debug|Any CPU.Build.0 = Debug|Any CPU
		{206E7FC9-3E39-4CDE-9936-0F8875CFE8F3}.Release|Any CPU.ActiveCfg = Release|Any CPU
		{206E7FC9-3E39-4CDE-9936-0F8875CFE8F3}.Release|Any CPU.Build.0 = Release|Any CPU
		{381865F7-71A6-42B9-8A1F-62753DE7A89C}.Debug|Any CPU.ActiveCfg = Debug|Any CPU
		{381865F7-71A6-42B9-8A1F-62753DE7A89C}.Debug|Any CPU.Build.0 = Debug|Any CPU
		{381865F7-71A6-42B9-8A1F-62753DE7A89C}.Release|Any CPU.ActiveCfg = Release|Any CPU
		{381865F7-71A6-42B9-8A1F-62753DE7A89C}.Release|Any CPU.Build.0 = Release|Any CPU
		{25924273-441F-4F61-92B7-D222B080128E}.Debug|Any CPU.ActiveCfg = Debug|Any CPU
		{25924273-441F-4F61-92B7-D222B080128E}.Debug|Any CPU.Build.0 = Debug|Any CPU
		{25924273-441F-4F61-92B7-D222B080128E}.Release|Any CPU.ActiveCfg = Release|Any CPU
		{25924273-441F-4F61-92B7-D222B080128E}.Release|Any CPU.Build.0 = Release|Any CPU
		{DD075385-8117-48E5-9E60-298549178295}.Debug|Any CPU.ActiveCfg = Debug|Any CPU
		{DD075385-8117-48E5-9E60-298549178295}.Debug|Any CPU.Build.0 = Debug|Any CPU
		{DD075385-8117-48E5-9E60-298549178295}.Release|Any CPU.ActiveCfg = Release|Any CPU
		{DD075385-8117-48E5-9E60-298549178295}.Release|Any CPU.Build.0 = Release|Any CPU
		{DDB8FA51-C7B3-4463-8977-D7389C076C5B}.Debug|Any CPU.ActiveCfg = Debug|Any CPU
		{DDB8FA51-C7B3-4463-8977-D7389C076C5B}.Debug|Any CPU.Build.0 = Debug|Any CPU
		{DDB8FA51-C7B3-4463-8977-D7389C076C5B}.Release|Any CPU.ActiveCfg = Release|Any CPU
		{DDB8FA51-C7B3-4463-8977-D7389C076C5B}.Release|Any CPU.Build.0 = Release|Any CPU
		{91A538DB-BB39-4F6C-9D26-9CE55B1794BF}.Debug|Any CPU.ActiveCfg = Debug|Any CPU
		{91A538DB-BB39-4F6C-9D26-9CE55B1794BF}.Debug|Any CPU.Build.0 = Debug|Any CPU
		{91A538DB-BB39-4F6C-9D26-9CE55B1794BF}.Release|Any CPU.ActiveCfg = Release|Any CPU
		{91A538DB-BB39-4F6C-9D26-9CE55B1794BF}.Release|Any CPU.Build.0 = Release|Any CPU
		{2D3980AA-4EF1-438D-B922-80368EEE1C80}.Debug|Any CPU.ActiveCfg = Debug|Any CPU
		{2D3980AA-4EF1-438D-B922-80368EEE1C80}.Debug|Any CPU.Build.0 = Debug|Any CPU
		{2D3980AA-4EF1-438D-B922-80368EEE1C80}.Release|Any CPU.ActiveCfg = Release|Any CPU
		{2D3980AA-4EF1-438D-B922-80368EEE1C80}.Release|Any CPU.Build.0 = Release|Any CPU
		{481CB9FE-1988-42E2-B5F5-9C8B095AE4D6}.Debug|Any CPU.ActiveCfg = Debug|Any CPU
		{481CB9FE-1988-42E2-B5F5-9C8B095AE4D6}.Debug|Any CPU.Build.0 = Debug|Any CPU
		{481CB9FE-1988-42E2-B5F5-9C8B095AE4D6}.Release|Any CPU.ActiveCfg = Release|Any CPU
		{481CB9FE-1988-42E2-B5F5-9C8B095AE4D6}.Release|Any CPU.Build.0 = Release|Any CPU
		{31A04697-716F-4080-A1FD-B8D257714546}.Debug|Any CPU.ActiveCfg = Debug|Any CPU
		{31A04697-716F-4080-A1FD-B8D257714546}.Debug|Any CPU.Build.0 = Debug|Any CPU
		{31A04697-716F-4080-A1FD-B8D257714546}.Release|Any CPU.ActiveCfg = Release|Any CPU
		{31A04697-716F-4080-A1FD-B8D257714546}.Release|Any CPU.Build.0 = Release|Any CPU
		{3C603417-AE0B-4175-A0A4-D1287F922E93}.Debug|Any CPU.ActiveCfg = Debug|Any CPU
		{3C603417-AE0B-4175-A0A4-D1287F922E93}.Debug|Any CPU.Build.0 = Debug|Any CPU
		{3C603417-AE0B-4175-A0A4-D1287F922E93}.Release|Any CPU.ActiveCfg = Release|Any CPU
		{3C603417-AE0B-4175-A0A4-D1287F922E93}.Release|Any CPU.Build.0 = Release|Any CPU
		{4BE9F45D-6B37-4218-9DE3-6C952D4EB282}.Debug|Any CPU.ActiveCfg = Debug|Any CPU
		{4BE9F45D-6B37-4218-9DE3-6C952D4EB282}.Debug|Any CPU.Build.0 = Debug|Any CPU
		{4BE9F45D-6B37-4218-9DE3-6C952D4EB282}.Release|Any CPU.ActiveCfg = Release|Any CPU
		{4BE9F45D-6B37-4218-9DE3-6C952D4EB282}.Release|Any CPU.Build.0 = Release|Any CPU
		{5B2E5092-EC22-4687-8F4C-30F01B41D76F}.Debug|Any CPU.ActiveCfg = Debug|Any CPU
		{5B2E5092-EC22-4687-8F4C-30F01B41D76F}.Debug|Any CPU.Build.0 = Debug|Any CPU
		{5B2E5092-EC22-4687-8F4C-30F01B41D76F}.Release|Any CPU.ActiveCfg = Release|Any CPU
		{5B2E5092-EC22-4687-8F4C-30F01B41D76F}.Release|Any CPU.Build.0 = Release|Any CPU
		{22948584-9C8C-4CF8-ADB7-4C7EC12BB010}.Debug|Any CPU.ActiveCfg = Debug|Any CPU
		{22948584-9C8C-4CF8-ADB7-4C7EC12BB010}.Debug|Any CPU.Build.0 = Debug|Any CPU
		{22948584-9C8C-4CF8-ADB7-4C7EC12BB010}.Release|Any CPU.ActiveCfg = Release|Any CPU
		{22948584-9C8C-4CF8-ADB7-4C7EC12BB010}.Release|Any CPU.Build.0 = Release|Any CPU
		{5CC840F1-4E07-468D-9206-864824A8FDD5}.Debug|Any CPU.ActiveCfg = Debug|Any CPU
		{5CC840F1-4E07-468D-9206-864824A8FDD5}.Debug|Any CPU.Build.0 = Debug|Any CPU
		{5CC840F1-4E07-468D-9206-864824A8FDD5}.Release|Any CPU.ActiveCfg = Release|Any CPU
		{5CC840F1-4E07-468D-9206-864824A8FDD5}.Release|Any CPU.Build.0 = Release|Any CPU
		{40EF9412-A7CD-450E-855B-8B95A55610D9}.Debug|Any CPU.ActiveCfg = Debug|Any CPU
		{40EF9412-A7CD-450E-855B-8B95A55610D9}.Debug|Any CPU.Build.0 = Debug|Any CPU
		{40EF9412-A7CD-450E-855B-8B95A55610D9}.Release|Any CPU.ActiveCfg = Release|Any CPU
		{40EF9412-A7CD-450E-855B-8B95A55610D9}.Release|Any CPU.Build.0 = Release|Any CPU
		{F3085702-F6C2-4233-B2FC-2CF509C7722B}.Debug|Any CPU.ActiveCfg = Debug|Any CPU
		{F3085702-F6C2-4233-B2FC-2CF509C7722B}.Debug|Any CPU.Build.0 = Debug|Any CPU
		{F3085702-F6C2-4233-B2FC-2CF509C7722B}.Release|Any CPU.ActiveCfg = Release|Any CPU
		{F3085702-F6C2-4233-B2FC-2CF509C7722B}.Release|Any CPU.Build.0 = Release|Any CPU
		{B4A75825-2444-4EF9-B3CA-8201D938C5FF}.Debug|Any CPU.ActiveCfg = Debug|Any CPU
		{B4A75825-2444-4EF9-B3CA-8201D938C5FF}.Debug|Any CPU.Build.0 = Debug|Any CPU
		{B4A75825-2444-4EF9-B3CA-8201D938C5FF}.Release|Any CPU.ActiveCfg = Release|Any CPU
		{B4A75825-2444-4EF9-B3CA-8201D938C5FF}.Release|Any CPU.Build.0 = Release|Any CPU
		{11F91B37-6730-424E-82B2-C098B64489F4}.Debug|Any CPU.ActiveCfg = Debug|Any CPU
		{11F91B37-6730-424E-82B2-C098B64489F4}.Debug|Any CPU.Build.0 = Debug|Any CPU
		{11F91B37-6730-424E-82B2-C098B64489F4}.Release|Any CPU.ActiveCfg = Release|Any CPU
		{11F91B37-6730-424E-82B2-C098B64489F4}.Release|Any CPU.Build.0 = Release|Any CPU
		{ED3E04DA-E208-4932-9E83-C5A3D3790000}.Debug|Any CPU.ActiveCfg = Debug|Any CPU
		{ED3E04DA-E208-4932-9E83-C5A3D3790000}.Debug|Any CPU.Build.0 = Debug|Any CPU
		{ED3E04DA-E208-4932-9E83-C5A3D3790000}.Release|Any CPU.ActiveCfg = Release|Any CPU
		{ED3E04DA-E208-4932-9E83-C5A3D3790000}.Release|Any CPU.Build.0 = Release|Any CPU
		{3D969C04-D98F-401C-B502-02AE0C1CFD9E}.Debug|Any CPU.ActiveCfg = Debug|Any CPU
		{3D969C04-D98F-401C-B502-02AE0C1CFD9E}.Debug|Any CPU.Build.0 = Debug|Any CPU
		{3D969C04-D98F-401C-B502-02AE0C1CFD9E}.Release|Any CPU.ActiveCfg = Release|Any CPU
		{3D969C04-D98F-401C-B502-02AE0C1CFD9E}.Release|Any CPU.Build.0 = Release|Any CPU
		{AE9AC23C-EB14-4785-9EFD-7C8899C9865C}.Debug|Any CPU.ActiveCfg = Debug|Any CPU
		{AE9AC23C-EB14-4785-9EFD-7C8899C9865C}.Debug|Any CPU.Build.0 = Debug|Any CPU
		{AE9AC23C-EB14-4785-9EFD-7C8899C9865C}.Release|Any CPU.ActiveCfg = Release|Any CPU
		{AE9AC23C-EB14-4785-9EFD-7C8899C9865C}.Release|Any CPU.Build.0 = Release|Any CPU
		{18722867-F1D6-41C6-B019-D17E3B8FF0C8}.Debug|Any CPU.ActiveCfg = Debug|Any CPU
		{18722867-F1D6-41C6-B019-D17E3B8FF0C8}.Debug|Any CPU.Build.0 = Debug|Any CPU
		{18722867-F1D6-41C6-B019-D17E3B8FF0C8}.Release|Any CPU.ActiveCfg = Release|Any CPU
		{18722867-F1D6-41C6-B019-D17E3B8FF0C8}.Release|Any CPU.Build.0 = Release|Any CPU
		{40A34D72-2AF7-4D32-87C8-C5C1786A6C77}.Debug|Any CPU.ActiveCfg = Debug|Any CPU
		{40A34D72-2AF7-4D32-87C8-C5C1786A6C77}.Debug|Any CPU.Build.0 = Debug|Any CPU
		{40A34D72-2AF7-4D32-87C8-C5C1786A6C77}.Release|Any CPU.ActiveCfg = Release|Any CPU
		{40A34D72-2AF7-4D32-87C8-C5C1786A6C77}.Release|Any CPU.Build.0 = Release|Any CPU
		{759669DD-FD69-4A2D-9DD0-4EEF3A27166D}.Debug|Any CPU.ActiveCfg = Debug|Any CPU
		{759669DD-FD69-4A2D-9DD0-4EEF3A27166D}.Debug|Any CPU.Build.0 = Debug|Any CPU
		{759669DD-FD69-4A2D-9DD0-4EEF3A27166D}.Release|Any CPU.ActiveCfg = Release|Any CPU
		{759669DD-FD69-4A2D-9DD0-4EEF3A27166D}.Release|Any CPU.Build.0 = Release|Any CPU
		{A3E3B2AB-47B2-43DC-B9F5-602540A98A6B}.Debug|Any CPU.ActiveCfg = Debug|Any CPU
		{A3E3B2AB-47B2-43DC-B9F5-602540A98A6B}.Debug|Any CPU.Build.0 = Debug|Any CPU
		{A3E3B2AB-47B2-43DC-B9F5-602540A98A6B}.Release|Any CPU.ActiveCfg = Release|Any CPU
		{A3E3B2AB-47B2-43DC-B9F5-602540A98A6B}.Release|Any CPU.Build.0 = Release|Any CPU
		{EA924339-5D6F-4E00-ADA6-7E6FAA8DB265}.Debug|Any CPU.ActiveCfg = Debug|Any CPU
		{EA924339-5D6F-4E00-ADA6-7E6FAA8DB265}.Debug|Any CPU.Build.0 = Debug|Any CPU
		{EA924339-5D6F-4E00-ADA6-7E6FAA8DB265}.Release|Any CPU.ActiveCfg = Release|Any CPU
		{EA924339-5D6F-4E00-ADA6-7E6FAA8DB265}.Release|Any CPU.Build.0 = Release|Any CPU
		{6B2A6FC3-8323-40D3-8A9A-33D2267A5D38}.Debug|Any CPU.ActiveCfg = Debug|Any CPU
		{6B2A6FC3-8323-40D3-8A9A-33D2267A5D38}.Debug|Any CPU.Build.0 = Debug|Any CPU
		{6B2A6FC3-8323-40D3-8A9A-33D2267A5D38}.Release|Any CPU.ActiveCfg = Release|Any CPU
		{6B2A6FC3-8323-40D3-8A9A-33D2267A5D38}.Release|Any CPU.Build.0 = Release|Any CPU
		{260D85C5-A0A4-474D-A9C8-46A200F91749}.Debug|Any CPU.ActiveCfg = Debug|Any CPU
		{260D85C5-A0A4-474D-A9C8-46A200F91749}.Debug|Any CPU.Build.0 = Debug|Any CPU
		{260D85C5-A0A4-474D-A9C8-46A200F91749}.Release|Any CPU.ActiveCfg = Release|Any CPU
		{260D85C5-A0A4-474D-A9C8-46A200F91749}.Release|Any CPU.Build.0 = Release|Any CPU
		{11C10B4F-52AB-4992-B2C0-A0AAA733E4C2}.Debug|Any CPU.ActiveCfg = Debug|Any CPU
		{11C10B4F-52AB-4992-B2C0-A0AAA733E4C2}.Debug|Any CPU.Build.0 = Debug|Any CPU
		{11C10B4F-52AB-4992-B2C0-A0AAA733E4C2}.Release|Any CPU.ActiveCfg = Release|Any CPU
		{11C10B4F-52AB-4992-B2C0-A0AAA733E4C2}.Release|Any CPU.Build.0 = Release|Any CPU
		{3595C59B-1D98-48CB-8577-66AC4B898549}.Debug|Any CPU.ActiveCfg = Debug|Any CPU
		{3595C59B-1D98-48CB-8577-66AC4B898549}.Debug|Any CPU.Build.0 = Debug|Any CPU
		{3595C59B-1D98-48CB-8577-66AC4B898549}.Release|Any CPU.ActiveCfg = Release|Any CPU
		{3595C59B-1D98-48CB-8577-66AC4B898549}.Release|Any CPU.Build.0 = Release|Any CPU
		{4D204874-6176-4B28-93B9-90DB7A6CB669}.Debug|Any CPU.ActiveCfg = Debug|Any CPU
		{4D204874-6176-4B28-93B9-90DB7A6CB669}.Debug|Any CPU.Build.0 = Debug|Any CPU
		{4D204874-6176-4B28-93B9-90DB7A6CB669}.Release|Any CPU.ActiveCfg = Release|Any CPU
		{4D204874-6176-4B28-93B9-90DB7A6CB669}.Release|Any CPU.Build.0 = Release|Any CPU
		{EB14DE89-93DD-43BD-A010-675CC2E57FC6}.Debug|Any CPU.ActiveCfg = Debug|Any CPU
		{EB14DE89-93DD-43BD-A010-675CC2E57FC6}.Debug|Any CPU.Build.0 = Debug|Any CPU
		{EB14DE89-93DD-43BD-A010-675CC2E57FC6}.Release|Any CPU.ActiveCfg = Release|Any CPU
		{EB14DE89-93DD-43BD-A010-675CC2E57FC6}.Release|Any CPU.Build.0 = Release|Any CPU
		{7ACE08AC-698C-4DAF-8114-AF92FEE48C88}.Debug|Any CPU.ActiveCfg = Debug|Any CPU
		{7ACE08AC-698C-4DAF-8114-AF92FEE48C88}.Debug|Any CPU.Build.0 = Debug|Any CPU
		{7ACE08AC-698C-4DAF-8114-AF92FEE48C88}.Release|Any CPU.ActiveCfg = Release|Any CPU
		{7ACE08AC-698C-4DAF-8114-AF92FEE48C88}.Release|Any CPU.Build.0 = Release|Any CPU
		{1CE72776-C98A-41A1-ACD2-706207E77C0F}.Debug|Any CPU.ActiveCfg = Debug|Any CPU
		{1CE72776-C98A-41A1-ACD2-706207E77C0F}.Debug|Any CPU.Build.0 = Debug|Any CPU
		{1CE72776-C98A-41A1-ACD2-706207E77C0F}.Release|Any CPU.ActiveCfg = Release|Any CPU
		{1CE72776-C98A-41A1-ACD2-706207E77C0F}.Release|Any CPU.Build.0 = Release|Any CPU
		{822274D6-FF56-4C72-8E90-10D78A9D7A6B}.Debug|Any CPU.ActiveCfg = Debug|Any CPU
		{822274D6-FF56-4C72-8E90-10D78A9D7A6B}.Debug|Any CPU.Build.0 = Debug|Any CPU
		{822274D6-FF56-4C72-8E90-10D78A9D7A6B}.Release|Any CPU.ActiveCfg = Release|Any CPU
		{822274D6-FF56-4C72-8E90-10D78A9D7A6B}.Release|Any CPU.Build.0 = Release|Any CPU
		{D67AA101-EFB9-4D7E-AC70-950F5E0B42C6}.Debug|Any CPU.ActiveCfg = Debug|Any CPU
		{D67AA101-EFB9-4D7E-AC70-950F5E0B42C6}.Debug|Any CPU.Build.0 = Debug|Any CPU
		{D67AA101-EFB9-4D7E-AC70-950F5E0B42C6}.Release|Any CPU.ActiveCfg = Release|Any CPU
		{D67AA101-EFB9-4D7E-AC70-950F5E0B42C6}.Release|Any CPU.Build.0 = Release|Any CPU
		{3916879B-E81B-4FDD-8AE0-7E28E89E13AC}.Debug|Any CPU.ActiveCfg = Debug|Any CPU
		{3916879B-E81B-4FDD-8AE0-7E28E89E13AC}.Debug|Any CPU.Build.0 = Debug|Any CPU
		{3916879B-E81B-4FDD-8AE0-7E28E89E13AC}.Release|Any CPU.ActiveCfg = Release|Any CPU
		{3916879B-E81B-4FDD-8AE0-7E28E89E13AC}.Release|Any CPU.Build.0 = Release|Any CPU
		{2C4F97E8-D05E-4799-945D-6350DF8A40E7}.Debug|Any CPU.ActiveCfg = Debug|Any CPU
		{2C4F97E8-D05E-4799-945D-6350DF8A40E7}.Debug|Any CPU.Build.0 = Debug|Any CPU
		{2C4F97E8-D05E-4799-945D-6350DF8A40E7}.Release|Any CPU.ActiveCfg = Release|Any CPU
		{2C4F97E8-D05E-4799-945D-6350DF8A40E7}.Release|Any CPU.Build.0 = Release|Any CPU
		{0382582D-9550-44D3-B266-AE592B5D14A4}.Debug|Any CPU.ActiveCfg = Debug|Any CPU
		{0382582D-9550-44D3-B266-AE592B5D14A4}.Debug|Any CPU.Build.0 = Debug|Any CPU
		{0382582D-9550-44D3-B266-AE592B5D14A4}.Release|Any CPU.ActiveCfg = Release|Any CPU
		{0382582D-9550-44D3-B266-AE592B5D14A4}.Release|Any CPU.Build.0 = Release|Any CPU
		{DC89A20B-E095-4600-ACB6-08602F2E54FF}.Debug|Any CPU.ActiveCfg = Debug|Any CPU
		{DC89A20B-E095-4600-ACB6-08602F2E54FF}.Debug|Any CPU.Build.0 = Debug|Any CPU
		{DC89A20B-E095-4600-ACB6-08602F2E54FF}.Release|Any CPU.ActiveCfg = Release|Any CPU
		{DC89A20B-E095-4600-ACB6-08602F2E54FF}.Release|Any CPU.Build.0 = Release|Any CPU
		{B8B0FDF5-D3B8-4075-AE9F-61F6913DF933}.Debug|Any CPU.ActiveCfg = Debug|Any CPU
		{B8B0FDF5-D3B8-4075-AE9F-61F6913DF933}.Debug|Any CPU.Build.0 = Debug|Any CPU
		{B8B0FDF5-D3B8-4075-AE9F-61F6913DF933}.Release|Any CPU.ActiveCfg = Release|Any CPU
		{B8B0FDF5-D3B8-4075-AE9F-61F6913DF933}.Release|Any CPU.Build.0 = Release|Any CPU
		{989A48DE-BECC-4609-8F43-97528ED962F1}.Debug|Any CPU.ActiveCfg = Debug|Any CPU
		{989A48DE-BECC-4609-8F43-97528ED962F1}.Debug|Any CPU.Build.0 = Debug|Any CPU
		{989A48DE-BECC-4609-8F43-97528ED962F1}.Release|Any CPU.ActiveCfg = Release|Any CPU
		{989A48DE-BECC-4609-8F43-97528ED962F1}.Release|Any CPU.Build.0 = Release|Any CPU
		{A97896F2-2A43-47C2-84E0-B22F8C9DBD80}.Debug|Any CPU.ActiveCfg = Debug|Any CPU
		{A97896F2-2A43-47C2-84E0-B22F8C9DBD80}.Debug|Any CPU.Build.0 = Debug|Any CPU
		{A97896F2-2A43-47C2-84E0-B22F8C9DBD80}.Release|Any CPU.ActiveCfg = Release|Any CPU
		{A97896F2-2A43-47C2-84E0-B22F8C9DBD80}.Release|Any CPU.Build.0 = Release|Any CPU
		{220B412C-68EC-45F7-9AEF-025C6C8B2DF2}.Debug|Any CPU.ActiveCfg = Debug|Any CPU
		{220B412C-68EC-45F7-9AEF-025C6C8B2DF2}.Debug|Any CPU.Build.0 = Debug|Any CPU
		{220B412C-68EC-45F7-9AEF-025C6C8B2DF2}.Release|Any CPU.ActiveCfg = Release|Any CPU
		{220B412C-68EC-45F7-9AEF-025C6C8B2DF2}.Release|Any CPU.Build.0 = Release|Any CPU
		{15BB98B9-3856-411E-8E2C-ED41054DC297}.Debug|Any CPU.ActiveCfg = Debug|Any CPU
		{15BB98B9-3856-411E-8E2C-ED41054DC297}.Debug|Any CPU.Build.0 = Debug|Any CPU
		{15BB98B9-3856-411E-8E2C-ED41054DC297}.Release|Any CPU.ActiveCfg = Release|Any CPU
		{15BB98B9-3856-411E-8E2C-ED41054DC297}.Release|Any CPU.Build.0 = Release|Any CPU
		{3AD4F641-FEED-48A6-A5A8-2A09E5CFD6DB}.Debug|Any CPU.ActiveCfg = Debug|Any CPU
		{3AD4F641-FEED-48A6-A5A8-2A09E5CFD6DB}.Debug|Any CPU.Build.0 = Debug|Any CPU
		{3AD4F641-FEED-48A6-A5A8-2A09E5CFD6DB}.Release|Any CPU.ActiveCfg = Release|Any CPU
		{3AD4F641-FEED-48A6-A5A8-2A09E5CFD6DB}.Release|Any CPU.Build.0 = Release|Any CPU
		{0ABB5CD1-7236-4CC6-AD9A-5DC52959C618}.Debug|Any CPU.ActiveCfg = Debug|Any CPU
		{0ABB5CD1-7236-4CC6-AD9A-5DC52959C618}.Debug|Any CPU.Build.0 = Debug|Any CPU
		{0ABB5CD1-7236-4CC6-AD9A-5DC52959C618}.Release|Any CPU.ActiveCfg = Release|Any CPU
		{0ABB5CD1-7236-4CC6-AD9A-5DC52959C618}.Release|Any CPU.Build.0 = Release|Any CPU
		{9F2380AB-95F5-417E-8EAD-597FD247D443}.Debug|Any CPU.ActiveCfg = Debug|Any CPU
		{9F2380AB-95F5-417E-8EAD-597FD247D443}.Debug|Any CPU.Build.0 = Debug|Any CPU
		{9F2380AB-95F5-417E-8EAD-597FD247D443}.Release|Any CPU.ActiveCfg = Release|Any CPU
		{9F2380AB-95F5-417E-8EAD-597FD247D443}.Release|Any CPU.Build.0 = Release|Any CPU
		{B9C98AE3-81AB-4D6A-B28E-189446653035}.Debug|Any CPU.ActiveCfg = Debug|Any CPU
		{B9C98AE3-81AB-4D6A-B28E-189446653035}.Debug|Any CPU.Build.0 = Debug|Any CPU
		{B9C98AE3-81AB-4D6A-B28E-189446653035}.Release|Any CPU.ActiveCfg = Release|Any CPU
		{B9C98AE3-81AB-4D6A-B28E-189446653035}.Release|Any CPU.Build.0 = Release|Any CPU
		{12627987-D1E1-47C9-95D9-67783F28F095}.Debug|Any CPU.ActiveCfg = Debug|Any CPU
		{12627987-D1E1-47C9-95D9-67783F28F095}.Debug|Any CPU.Build.0 = Debug|Any CPU
		{12627987-D1E1-47C9-95D9-67783F28F095}.Release|Any CPU.ActiveCfg = Release|Any CPU
		{12627987-D1E1-47C9-95D9-67783F28F095}.Release|Any CPU.Build.0 = Release|Any CPU
		{FCF5325D-203D-4D46-8FC2-DCFA79BED23D}.Debug|Any CPU.ActiveCfg = Debug|Any CPU
		{FCF5325D-203D-4D46-8FC2-DCFA79BED23D}.Debug|Any CPU.Build.0 = Debug|Any CPU
		{FCF5325D-203D-4D46-8FC2-DCFA79BED23D}.Release|Any CPU.ActiveCfg = Release|Any CPU
		{FCF5325D-203D-4D46-8FC2-DCFA79BED23D}.Release|Any CPU.Build.0 = Release|Any CPU
		{A75DD04A-BE24-466D-8BED-682EBD617D06}.Debug|Any CPU.ActiveCfg = Debug|Any CPU
		{A75DD04A-BE24-466D-8BED-682EBD617D06}.Debug|Any CPU.Build.0 = Debug|Any CPU
		{A75DD04A-BE24-466D-8BED-682EBD617D06}.Release|Any CPU.ActiveCfg = Release|Any CPU
		{A75DD04A-BE24-466D-8BED-682EBD617D06}.Release|Any CPU.Build.0 = Release|Any CPU
		{23B8A195-5205-4516-AA70-D0B47358FA4F}.Debug|Any CPU.ActiveCfg = Debug|Any CPU
		{23B8A195-5205-4516-AA70-D0B47358FA4F}.Debug|Any CPU.Build.0 = Debug|Any CPU
		{23B8A195-5205-4516-AA70-D0B47358FA4F}.Release|Any CPU.ActiveCfg = Release|Any CPU
		{23B8A195-5205-4516-AA70-D0B47358FA4F}.Release|Any CPU.Build.0 = Release|Any CPU
		{25B42A90-7D2B-45F1-B5DF-82D458C8F13C}.Debug|Any CPU.ActiveCfg = Debug|Any CPU
		{25B42A90-7D2B-45F1-B5DF-82D458C8F13C}.Debug|Any CPU.Build.0 = Debug|Any CPU
		{25B42A90-7D2B-45F1-B5DF-82D458C8F13C}.Release|Any CPU.ActiveCfg = Release|Any CPU
		{25B42A90-7D2B-45F1-B5DF-82D458C8F13C}.Release|Any CPU.Build.0 = Release|Any CPU
		{7ACE9CCB-AD25-4A38-ABFE-E6D0D081E107}.Debug|Any CPU.ActiveCfg = Debug|Any CPU
		{7ACE9CCB-AD25-4A38-ABFE-E6D0D081E107}.Debug|Any CPU.Build.0 = Debug|Any CPU
		{7ACE9CCB-AD25-4A38-ABFE-E6D0D081E107}.Release|Any CPU.ActiveCfg = Release|Any CPU
		{7ACE9CCB-AD25-4A38-ABFE-E6D0D081E107}.Release|Any CPU.Build.0 = Release|Any CPU
		{A15D6F0F-3933-441C-BC29-B23372020B8B}.Debug|Any CPU.ActiveCfg = Debug|Any CPU
		{A15D6F0F-3933-441C-BC29-B23372020B8B}.Debug|Any CPU.Build.0 = Debug|Any CPU
		{A15D6F0F-3933-441C-BC29-B23372020B8B}.Release|Any CPU.ActiveCfg = Release|Any CPU
		{A15D6F0F-3933-441C-BC29-B23372020B8B}.Release|Any CPU.Build.0 = Release|Any CPU
		{59A3F6EA-2051-4F7E-B6B2-B84C69D90E75}.Debug|Any CPU.ActiveCfg = Debug|Any CPU
		{59A3F6EA-2051-4F7E-B6B2-B84C69D90E75}.Debug|Any CPU.Build.0 = Debug|Any CPU
		{59A3F6EA-2051-4F7E-B6B2-B84C69D90E75}.Release|Any CPU.ActiveCfg = Release|Any CPU
		{59A3F6EA-2051-4F7E-B6B2-B84C69D90E75}.Release|Any CPU.Build.0 = Release|Any CPU
		{F6410DB7-F1CD-435F-93ED-16B9DD202DF1}.Debug|Any CPU.ActiveCfg = Debug|Any CPU
		{F6410DB7-F1CD-435F-93ED-16B9DD202DF1}.Debug|Any CPU.Build.0 = Debug|Any CPU
		{F6410DB7-F1CD-435F-93ED-16B9DD202DF1}.Release|Any CPU.ActiveCfg = Release|Any CPU
		{F6410DB7-F1CD-435F-93ED-16B9DD202DF1}.Release|Any CPU.Build.0 = Release|Any CPU
		{53C720C2-9789-4B82-B8B4-6E48C2BBCA68}.Debug|Any CPU.ActiveCfg = Debug|Any CPU
		{53C720C2-9789-4B82-B8B4-6E48C2BBCA68}.Debug|Any CPU.Build.0 = Debug|Any CPU
		{53C720C2-9789-4B82-B8B4-6E48C2BBCA68}.Release|Any CPU.ActiveCfg = Release|Any CPU
		{53C720C2-9789-4B82-B8B4-6E48C2BBCA68}.Release|Any CPU.Build.0 = Release|Any CPU
		{CBC222DF-9E07-489B-BB6B-42EF96D69EEE}.Debug|Any CPU.ActiveCfg = Debug|Any CPU
		{CBC222DF-9E07-489B-BB6B-42EF96D69EEE}.Debug|Any CPU.Build.0 = Debug|Any CPU
		{CBC222DF-9E07-489B-BB6B-42EF96D69EEE}.Release|Any CPU.ActiveCfg = Release|Any CPU
		{CBC222DF-9E07-489B-BB6B-42EF96D69EEE}.Release|Any CPU.Build.0 = Release|Any CPU
		{E826C8C0-3D90-4DD9-8019-5DAE8B24FD74}.Debug|Any CPU.ActiveCfg = Debug|Any CPU
		{E826C8C0-3D90-4DD9-8019-5DAE8B24FD74}.Debug|Any CPU.Build.0 = Debug|Any CPU
		{E826C8C0-3D90-4DD9-8019-5DAE8B24FD74}.Release|Any CPU.ActiveCfg = Release|Any CPU
		{E826C8C0-3D90-4DD9-8019-5DAE8B24FD74}.Release|Any CPU.Build.0 = Release|Any CPU
		{CF5DD79F-5C8B-43D0-B5AA-45FA07F98A13}.Debug|Any CPU.ActiveCfg = Debug|Any CPU
		{CF5DD79F-5C8B-43D0-B5AA-45FA07F98A13}.Debug|Any CPU.Build.0 = Debug|Any CPU
		{CF5DD79F-5C8B-43D0-B5AA-45FA07F98A13}.Release|Any CPU.ActiveCfg = Release|Any CPU
		{CF5DD79F-5C8B-43D0-B5AA-45FA07F98A13}.Release|Any CPU.Build.0 = Release|Any CPU
	EndGlobalSection
	GlobalSection(SolutionProperties) = preSolution
		HideSolutionNode = FALSE
	EndGlobalSection
	GlobalSection(ExtensibilityGlobals) = postSolution
		SolutionGuid = {1CC419B0-B036-430E-B22C-88239ED2E172}
	EndGlobalSection
EndGlobal
